
Microsoft Visual Studio Solution File, Format Version 12.00
# Visual Studio Version 17
VisualStudioVersion = 17.9.34714.143
MinimumVisualStudioVersion = 10.0.40219.1
Project("{8BC9CEB8-8B4A-11D0-8D11-00A0C91BC942}") = "VoyagerOS3", "VoyagerOS3.vcxproj", "{0ED4A59E-290A-44A7-BC45-655BABC20D0D}"
EndProject
Global
	GlobalSection(SolutionConfigurationPlatforms) = preSolution
		Debug|ARM = Debug|ARM
		Debug|ARM64 = Debug|ARM64
		Release|ARM = Release|ARM
		Release|ARM64 = Release|ARM64
	EndGlobalSection
	GlobalSection(ProjectConfigurationPlatforms) = postSolution
		{0ED4A59E-290A-44A7-BC45-655BABC20D0D}.Debug|ARM.ActiveCfg = Debug|ARM
		{0ED4A59E-290A-44A7-BC45-655BABC20D0D}.Debug|ARM.Build.0 = Debug|ARM
		{0ED4A59E-290A-44A7-BC45-655BABC20D0D}.Debug|ARM.Deploy.0 = Debug|ARM
		{0ED4A59E-290A-44A7-BC45-655BABC20D0D}.Debug|ARM64.ActiveCfg = Debug|ARM64
		{0ED4A59E-290A-44A7-BC45-655BABC20D0D}.Debug|ARM64.Build.0 = Debug|ARM64
		{0ED4A59E-290A-44A7-BC45-655BABC20D0D}.Debug|ARM64.Deploy.0 = Debug|ARM64
		{0ED4A59E-290A-44A7-BC45-655BABC20D0D}.Release|ARM.ActiveCfg = Release|ARM
		{0ED4A59E-290A-44A7-BC45-655BABC20D0D}.Release|ARM.Build.0 = Release|ARM
		{0ED4A59E-290A-44A7-BC45-655BABC20D0D}.Release|ARM.Deploy.0 = Release|ARM
		{0ED4A59E-290A-44A7-BC45-655BABC20D0D}.Release|ARM64.ActiveCfg = Release|ARM64
		{0ED4A59E-290A-44A7-BC45-655BABC20D0D}.Release|ARM64.Build.0 = Release|ARM64
		{0ED4A59E-290A-44A7-BC45-655BABC20D0D}.Release|ARM64.Deploy.0 = Release|ARM64
	EndGlobalSection
	GlobalSection(SolutionProperties) = preSolution
		HideSolutionNode = FALSE
	EndGlobalSection
	GlobalSection(ExtensibilityGlobals) = postSolution
		SolutionGuid = {A653AFC4-4C62-4718-A226-6242AF179237}
	EndGlobalSection
EndGlobal
