<?xml version="1.0" encoding="utf-8"?>
<Project ToolsVersion="4.0" xmlns="http://schemas.microsoft.com/developer/msbuild/2003">
  <ItemGroup>
    <Filter Include="Source Files">
      <UniqueIdentifier>{4FC737F1-C7A5-4376-A066-2A32D752A2FF}</UniqueIdentifier>
      <Extensions>cpp;c;cc;cxx;def;odl;idl;hpj;bat;asm;asmx</Extensions>
    </Filter>
    <Filter Include="Header Files">
      <UniqueIdentifier>{93995380-89BD-4b04-88EB-625FBE52EBFB}</UniqueIdentifier>
      <Extensions>h;hh;hpp;hxx;hm;inl;inc;xsd</Extensions>
    </Filter>
    <Filter Include="Resource Files">
      <UniqueIdentifier>{67DA6AB6-F800-4c08-8B7A-83BB121AAD01}</UniqueIdentifier>
      <Extensions>rc;ico;cur;bmp;dlg;rc2;rct;bin;rgs;gif;jpg;jpeg;jpe;resx;tiff;tif;png;wav;mfcribbon-ms</Extensions>
    </Filter>
  </ItemGroup>
  <ItemGroup>
    <ClCompile Include="VoyagerOS3.ino" />
    <ClCompile Include="Adafruit_GFX.cpp">
      <Filter>Source Files</Filter>
    </ClCompile>
    <ClCompile Include="Adafruit_GFX.h">
      <Filter>Header Files</Filter>
    </ClCompile>
    <ClCompile Include="Adafruit_SSD1306.cpp">
      <Filter>Source Files</Filter>
    </ClCompile>
    <ClCompile Include="Adafruit_SSD1306.h">
      <Filter>Header Files</Filter>
    </ClCompile>
    <ClCompile Include="Alarms.cpp">
      <Filter>Source Files</Filter>
    </ClCompile>
    <ClCompile Include="Alarms.h">
      <Filter>Header Files</Filter>
    </ClCompile>
    <ClCompile Include="AP_Math.cpp">
      <Filter>Source Files</Filter>
    </ClCompile>
    <ClCompile Include="AP_Math.h">
      <Filter>Header Files</Filter>
    </ClCompile>
    <ClCompile Include="BluetoothConnection.cpp">
      <Filter>Source Files</Filter>
    </ClCompile>
    <ClCompile Include="BluetoothConnection.h">
      <Filter>Header Files</Filter>
    </ClCompile>
    <ClCompile Include="cache_t3.cpp">
      <Filter>Source Files</Filter>
    </ClCompile>
    <ClCompile Include="card_t3.cpp">
      <Filter>Source Files</Filter>
    </ClCompile>
    <ClCompile Include="CLI.cpp">
      <Filter>Source Files</Filter>
    </ClCompile>
    <ClCompile Include="CLI.h">
      <Filter>Header Files</Filter>
    </ClCompile>
    <ClCompile Include="CommandState_Processor.cpp">
      <Filter>Source Files</Filter>
    </ClCompile>
    <ClCompile Include="CommandState_Processor.h">
      <Filter>Header Files</Filter>
    </ClCompile>
    <ClCompile Include="config.h">
      <Filter>Header Files</Filter>
    </ClCompile>
    <ClCompile Include="configValues.cpp">
      <Filter>Source Files</Filter>
    </ClCompile>
    <ClCompile Include="configValues.h">
      <Filter>Header Files</Filter>
    </ClCompile>
    <ClCompile Include="def.h">
      <Filter>Header Files</Filter>
    </ClCompile>
    <ClCompile Include="dir_t3.cpp">
      <Filter>Source Files</Filter>
    </ClCompile>
    <ClCompile Include="DisplayStrings.cpp">
      <Filter>Source Files</Filter>
    </ClCompile>
    <ClCompile Include="DisplayStrings.h">
      <Filter>Header Files</Filter>
    </ClCompile>
    <ClCompile Include="eepromAnything.h">
      <Filter>Header Files</Filter>
    </ClCompile>
    <ClCompile Include="fat_t3.cpp">
      <Filter>Source Files</Filter>
    </ClCompile>
    <ClCompile Include="File.cpp">
      <Filter>Source Files</Filter>
    </ClCompile>
    <ClCompile Include="file_t3.cpp">
      <Filter>Source Files</Filter>
    </ClCompile>
    <ClCompile Include="Filters.cpp">
      <Filter>Source Files</Filter>
    </ClCompile>
    <ClCompile Include="Filters.h">
      <Filter>Header Files</Filter>
    </ClCompile>
    <ClCompile Include="gfxfont.h">
      <Filter>Header Files</Filter>
    </ClCompile>
    <ClCompile Include="glcdfont.c">
      <Filter>Source Files</Filter>
    </ClCompile>
    <ClCompile Include="Globals.h">
      <Filter>Header Files</Filter>
    </ClCompile>
    <ClCompile Include="HAL.cpp">
      <Filter>Source Files</Filter>
    </ClCompile>
    <ClCompile Include="HAL.h">
      <Filter>Header Files</Filter>
    </ClCompile>
    <ClCompile Include="HAL_Display.cpp">
      <Filter>Source Files</Filter>
    </ClCompile>
    <ClCompile Include="HAL_Display.h">
      <Filter>Header Files</Filter>
    </ClCompile>
    <ClCompile Include="HAL_GPS.cpp">
      <Filter>Source Files</Filter>
    </ClCompile>
    <ClCompile Include="HAL_GPS.h">
      <Filter>Header Files</Filter>
    </ClCompile>
    <ClCompile Include="HAL_IMU.cpp">
      <Filter>Source Files</Filter>
    </ClCompile>
    <ClCompile Include="HAL_IMU.h">
      <Filter>Header Files</Filter>
    </ClCompile>
    <ClCompile Include="HAL_PowerMeasurement.cpp">
      <Filter>Source Files</Filter>
    </ClCompile>
    <ClCompile Include="HAL_PowerMeasurement.h">
      <Filter>Header Files</Filter>
    </ClCompile>
    <ClCompile Include="HAL_SatCom.cpp">
      <Filter>Source Files</Filter>
    </ClCompile>
    <ClCompile Include="HAL_SatCom.h">
      <Filter>Header Files</Filter>
    </ClCompile>
    <ClCompile Include="HAL_SDCard.cpp">
      <Filter>Source Files</Filter>
    </ClCompile>
    <ClCompile Include="HAL_SDCard.h">
      <Filter>Header Files</Filter>
    </ClCompile>
    <ClCompile Include="HAL_Servo.cpp">
      <Filter>Source Files</Filter>
    </ClCompile>
    <ClCompile Include="HAL_Servo.h">
      <Filter>Header Files</Filter>
    </ClCompile>
    <ClCompile Include="HAL_Telemetry.cpp">
      <Filter>Source Files</Filter>
    </ClCompile>
    <ClCompile Include="HAL_Telemetry.h">
      <Filter>Header Files</Filter>
    </ClCompile>
    <ClCompile Include="HAL_Time.cpp">
      <Filter>Source Files</Filter>
    </ClCompile>
    <ClCompile Include="HAL_Time.h">
      <Filter>Header Files</Filter>
    </ClCompile>
    <ClCompile Include="HAL_WingAngle.cpp">
      <Filter>Source Files</Filter>
    </ClCompile>
    <ClCompile Include="HAL_WingAngle.h">
      <Filter>Header Files</Filter>
    </ClCompile>
    <ClCompile Include="I2Cdev.cpp">
      <Filter>Source Files</Filter>
    </ClCompile>
    <ClCompile Include="I2Cdev.h">
      <Filter>Header Files</Filter>
    </ClCompile>
    <ClCompile Include="i2c_t3.cpp">
      <Filter>Source Files</Filter>
    </ClCompile>
    <ClCompile Include="i2c_t3.h">
      <Filter>Header Files</Filter>
    </ClCompile>
    <ClCompile Include="IMU.cpp">
      <Filter>Source Files</Filter>
    </ClCompile>
    <ClCompile Include="IMU.h">
      <Filter>Header Files</Filter>
    </ClCompile>
    <ClCompile Include="init_t3.cpp">
      <Filter>Source Files</Filter>
    </ClCompile>
    <ClCompile Include="InternalTemperature.cpp">
      <Filter>Source Files</Filter>
    </ClCompile>
    <ClCompile Include="InternalTemperature.h">
      <Filter>Header Files</Filter>
    </ClCompile>
    <ClCompile Include="LEDHeartBeat.cpp">
      <Filter>Source Files</Filter>
    </ClCompile>
    <ClCompile Include="LEDHeartBeat.h">
      <Filter>Header Files</Filter>
    </ClCompile>
    <ClCompile Include="location.cpp">
      <Filter>Source Files</Filter>
    </ClCompile>
    <ClCompile Include="location.h">
      <Filter>Header Files</Filter>
    </ClCompile>
    <ClCompile Include="Loiter.cpp">
      <Filter>Source Files</Filter>
    </ClCompile>
    <ClCompile Include="Loiter.h">
      <Filter>Header Files</Filter>
    </ClCompile>
    <ClCompile Include="LoRaManagement.cpp">
      <Filter>Source Files</Filter>
    </ClCompile>
    <ClCompile Include="LoRaManagement.h">
      <Filter>Header Files</Filter>
    </ClCompile>
    <ClCompile Include="LoRa_E32.cpp">
      <Filter>Source Files</Filter>
    </ClCompile>
    <ClCompile Include="LoRa_E32.h">
      <Filter>Header Files</Filter>
    </ClCompile>
    <ClCompile Include="Misc.h">
      <Filter>Header Files</Filter>
    </ClCompile>
    <ClCompile Include="Mission.cpp">
      <Filter>Source Files</Filter>
    </ClCompile>
    <ClCompile Include="Mission.h">
      <Filter>Header Files</Filter>
    </ClCompile>
    <ClCompile Include="MPU9250_t3.cpp">
      <Filter>Source Files</Filter>
    </ClCompile>
    <ClCompile Include="MPU9250_t3.h">
      <Filter>Header Files</Filter>
    </ClCompile>
    <ClCompile Include="Navigation.cpp">
      <Filter>Source Files</Filter>
    </ClCompile>
    <ClCompile Include="Navigation.h">
      <Filter>Header Files</Filter>
    </ClCompile>
    <ClCompile Include="PID_v1.cpp">
      <Filter>Source Files</Filter>
    </ClCompile>
    <ClCompile Include="PID_v1.h">
      <Filter>Header Files</Filter>
    </ClCompile>
    <ClCompile Include="SailingNavigation.cpp">
      <Filter>Source Files</Filter>
    </ClCompile>
    <ClCompile Include="SailingNavigation.h">
      <Filter>Header Files</Filter>
    </ClCompile>
    <ClCompile Include="SchedulerCooperative.cpp">
      <Filter>Source Files</Filter>
    </ClCompile>
    <ClCompile Include="SchedulerCooperative.h">
      <Filter>Header Files</Filter>
    </ClCompile>
    <ClCompile Include="SD.cpp">
      <Filter>Source Files</Filter>
    </ClCompile>
    <ClCompile Include="SD.h">
      <Filter>Header Files</Filter>
    </ClCompile>
    <ClCompile Include="SDL_Arduino_INA3221.cpp">
      <Filter>Source Files</Filter>
    </ClCompile>
    <ClCompile Include="SDL_Arduino_INA3221.h">
      <Filter>Header Files</Filter>
    </ClCompile>
    <ClCompile Include="SD_t3.h">
      <Filter>Header Files</Filter>
    </ClCompile>
    <ClCompile Include="Sensor_cal.cpp">
      <Filter>Source Files</Filter>
    </ClCompile>
    <ClCompile Include="Sensor_cal.h">
      <Filter>Header Files</Filter>
    </ClCompile>
    <ClCompile Include="sim_vessel.cpp">
      <Filter>Source Files</Filter>
    </ClCompile>
    <ClCompile Include="sim_vessel.h">
      <Filter>Header Files</Filter>
    </ClCompile>
    <ClCompile Include="sim_weather.cpp">
      <Filter>Source Files</Filter>
    </ClCompile>
    <ClCompile Include="sim_weather.h">
      <Filter>Header Files</Filter>
    </ClCompile>
    <ClCompile Include="statesNaming.h">
      <Filter>Header Files</Filter>
    </ClCompile>
    <ClCompile Include="Steering.cpp">
      <Filter>Source Files</Filter>
    </ClCompile>
    <ClCompile Include="Steering.h">
      <Filter>Header Files</Filter>
    </ClCompile>
    <ClCompile Include="TelemetryLogging.cpp">
      <Filter>Source Files</Filter>
    </ClCompile>
    <ClCompile Include="TelemetryLogging.h">
      <Filter>Header Files</Filter>
    </ClCompile>
    <ClCompile Include="TelemetryMessages.cpp">
      <Filter>Source Files</Filter>
    </ClCompile>
    <ClCompile Include="TelemetryMessages.h">
      <Filter>Header Files</Filter>
    </ClCompile>
    <ClCompile Include="Time.cpp">
      <Filter>Source Files</Filter>
    </ClCompile>
    <ClCompile Include="TimeLib.h">
      <Filter>Header Files</Filter>
    </ClCompile>
    <ClCompile Include="TinyGPS++.cpp">
      <Filter>Source Files</Filter>
    </ClCompile>
    <ClCompile Include="TinyGPS++.h">
      <Filter>Header Files</Filter>
    </ClCompile>
    <ClCompile Include="Types.h">
      <Filter>Header Files</Filter>
    </ClCompile>
    <ClCompile Include="USFSMAX.cpp">
      <Filter>Source Files</Filter>
    </ClCompile>
    <ClCompile Include="USFSMAX.h">
      <Filter>Header Files</Filter>
    </ClCompile>
    <ClCompile Include="vector.h">
      <Filter>Header Files</Filter>
    </ClCompile>
    <ClCompile Include="vector2.cpp">
      <Filter>Source Files</Filter>
    </ClCompile>
    <ClCompile Include="vector2.h">
      <Filter>Header Files</Filter>
    </ClCompile>
    <ClCompile Include="WaveMeasurement.cpp">
      <Filter>Source Files</Filter>
    </ClCompile>
    <ClCompile Include="WaveMeasurement.h">
      <Filter>Header Files</Filter>
    </ClCompile>
    <ClCompile Include="WearTracking.cpp">
      <Filter>Source Files</Filter>
    </ClCompile>
    <ClCompile Include="WearTracking.h">
      <Filter>Header Files</Filter>
    </ClCompile>
    <ClCompile Include="WindAngle_MPU9250_t3.cpp">
      <Filter>Source Files</Filter>
    </ClCompile>
    <ClCompile Include="WindAngle_MPU9250_t3.h">
      <Filter>Header Files</Filter>
    </ClCompile>
    <ClCompile Include="Wingsail.cpp">
      <Filter>Source Files</Filter>
    </ClCompile>
    <ClCompile Include="Wingsail.h">
      <Filter>Header Files</Filter>
    </ClCompile>
    <ClCompile Include="utility\NXP_SDHC.cpp">
      <Filter>Source Files</Filter>
    </ClCompile>
    <ClCompile Include="utility\Sd2Card.cpp">
      <Filter>Source Files</Filter>
    </ClCompile>
    <ClCompile Include="utility\SdFile.cpp">
      <Filter>Source Files</Filter>
    </ClCompile>
    <ClCompile Include="utility\SdVolume.cpp">
      <Filter>Source Files</Filter>
    </ClCompile>
    <ClCompile Include="astronode.cpp">
      <Filter>Source Files</Filter>
    </ClCompile>
    <ClCompile Include="HAL_Watchdog.cpp">
      <Filter>Source Files</Filter>
    </ClCompile>
  </ItemGroup>
  <ItemGroup>
    <ClInclude Include="__vm\.VoyagerOS3.vsarduino.h">
      <Filter>Header Files</Filter>
    </ClInclude>
    <ClInclude Include="utility\FatStructs.h">
      <Filter>Header Files</Filter>
    </ClInclude>
    <ClInclude Include="utility\ioreg.h">
      <Filter>Header Files</Filter>
    </ClInclude>
    <ClInclude Include="utility\NXP_SDHC.h">
      <Filter>Header Files</Filter>
    </ClInclude>
    <ClInclude Include="utility\Sd2Card.h">
      <Filter>Header Files</Filter>
    </ClInclude>
    <ClInclude Include="utility\Sd2PinMap.h">
      <Filter>Header Files</Filter>
    </ClInclude>
    <ClInclude Include="utility\SdFat.h">
      <Filter>Header Files</Filter>
    </ClInclude>
    <ClInclude Include="utility\SdFatmainpage.h">
      <Filter>Header Files</Filter>
    </ClInclude>
    <ClInclude Include="utility\SdFatUtil.h">
      <Filter>Header Files</Filter>
    </ClInclude>
    <ClInclude Include="utility\SdInfo.h">
      <Filter>Header Files</Filter>
    </ClInclude>
    <ClInclude Include="astronode.h">
      <Filter>Header Files</Filter>
    </ClInclude>
    <ClInclude Include="HAL_Watchdog.h">
      <Filter>Header Files</Filter>
    </ClInclude>
  </ItemGroup>
</Project>